
Microsoft Visual Studio Solution File, Format Version 12.00
# Visual Studio Version 17
VisualStudioVersion = 17.5.002.0
MinimumVisualStudioVersion = 10.0.40219.1
Project("{9A19103F-16F7-4668-BE54-9A1E7A4F7556}") = "FormsApp", "FormsApp.csproj", "{C0ADA300-5B52-4B6E-9DEE-F76FE9A8DC09}"
EndProject
Global
	GlobalSection(SolutionConfigurationPlatforms) = preSolution
		Debug|Any CPU = Debug|Any CPU
		Release|Any CPU = Release|Any CPU
	EndGlobalSection
	GlobalSection(ProjectConfigurationPlatforms) = postSolution
		{C0ADA300-5B52-4B6E-9DEE-F76FE9A8DC09}.Debug|Any CPU.ActiveCfg = Debug|Any CPU
		{C0ADA300-5B52-4B6E-9DEE-F76FE9A8DC09}.Debug|Any CPU.Build.0 = Debug|Any CPU
		{C0ADA300-5B52-4B6E-9DEE-F76FE9A8DC09}.Release|Any CPU.ActiveCfg = Release|Any CPU
		{C0ADA300-5B52-4B6E-9DEE-F76FE9A8DC09}.Release|Any CPU.Build.0 = Release|Any CPU
	EndGlobalSection
	GlobalSection(SolutionProperties) = preSolution
		HideSolutionNode = FALSE
	EndGlobalSection
	GlobalSection(ExtensibilityGlobals) = postSolution
		SolutionGuid = {15AD732B-6521-4380-BDF9-533A3FFC6577}
	EndGlobalSection
EndGlobal
